
Microsoft Visual Studio Solution File, Format Version 12.00
# Visual Studio Version 17
VisualStudioVersion = 17.7.34221.43
MinimumVisualStudioVersion = 10.0.40219.1
Project("{FAE04EC0-301F-11D3-BF4B-00C04F79EFBC}") = "BookShop", "BookShop\BookShop.csproj", "{B982BC9A-4E57-4506-B004-F587E377BEFC}"
EndProject
Global
	GlobalSection(SolutionConfigurationPlatforms) = preSolution
		Debug|Any CPU = Debug|Any CPU
		Release|Any CPU = Release|Any CPU
	EndGlobalSection
	GlobalSection(ProjectConfigurationPlatforms) = postSolution
		{B982BC9A-4E57-4506-B004-F587E377BEFC}.Debug|Any CPU.ActiveCfg = Debug|Any CPU
		{B982BC9A-4E57-4506-B004-F587E377BEFC}.Debug|Any CPU.Build.0 = Debug|Any CPU
		{B982BC9A-4E57-4506-B004-F587E377BEFC}.Release|Any CPU.ActiveCfg = Release|Any CPU
		{B982BC9A-4E57-4506-B004-F587E377BEFC}.Release|Any CPU.Build.0 = Release|Any CPU
	EndGlobalSection
	GlobalSection(SolutionProperties) = preSolution
		HideSolutionNode = FALSE
	EndGlobalSection
	GlobalSection(ExtensibilityGlobals) = postSolution
		SolutionGuid = {64B2EAB8-9382-482A-A0D0-4673BBCE60C0}
	EndGlobalSection
EndGlobal
